
Microsoft Visual Studio Solution File, Format Version 12.00
# Visual Studio Version 17
VisualStudioVersion = 17.10.35122.118
MinimumVisualStudioVersion = 10.0.40219.1
Project("{FAE04EC0-301F-11D3-BF4B-00C04F79EFBC}") = "AutomationDemo", "AutomationDemo.csproj", "{C58EB036-1F42-420C-AAB0-A530D8CE654A}"
EndProject
Global
	GlobalSection(SolutionConfigurationPlatforms) = preSolution
		Debug|Any CPU = Debug|Any CPU
		Release|Any CPU = Release|Any CPU
	EndGlobalSection
	GlobalSection(ProjectConfigurationPlatforms) = postSolution
		{C58EB036-1F42-420C-AAB0-A530D8CE654A}.Debug|Any CPU.ActiveCfg = Debug|Any CPU
		{C58EB036-1F42-420C-AAB0-A530D8CE654A}.Debug|Any CPU.Build.0 = Debug|Any CPU
		{C58EB036-1F42-420C-AAB0-A530D8CE654A}.Release|Any CPU.ActiveCfg = Release|Any CPU
		{C58EB036-1F42-420C-AAB0-A530D8CE654A}.Release|Any CPU.Build.0 = Release|Any CPU
	EndGlobalSection
	GlobalSection(SolutionProperties) = preSolution
		HideSolutionNode = FALSE
	EndGlobalSection
	GlobalSection(ExtensibilityGlobals) = postSolution
		SolutionGuid = {E0CCEC59-379F-4875-97A4-320A1914DAB5}
	EndGlobalSection
EndGlobal
